
Microsoft Visual Studio Solution File, Format Version 12.00
# Visual Studio 15
VisualStudioVersion = 15.0.28307.1831
MinimumVisualStudioVersion = 10.0.40219.1
Project("{FAE04EC0-301F-11D3-BF4B-00C04F79EFBC}") = "ExportExcel", "ExportExcel\ExportExcel.csproj", "{C28672C6-70B5-4FEA-B352-61FC84392CF8}"
EndProject
Global
	GlobalSection(SolutionConfigurationPlatforms) = preSolution
		Debug|Any CPU = Debug|Any CPU
		Release|Any CPU = Release|Any CPU
	EndGlobalSection
	GlobalSection(ProjectConfigurationPlatforms) = postSolution
		{C28672C6-70B5-4FEA-B352-61FC84392CF8}.Debug|Any CPU.ActiveCfg = Debug|Any CPU
		{C28672C6-70B5-4FEA-B352-61FC84392CF8}.Debug|Any CPU.Build.0 = Debug|Any CPU
		{C28672C6-70B5-4FEA-B352-61FC84392CF8}.Release|Any CPU.ActiveCfg = Release|Any CPU
		{C28672C6-70B5-4FEA-B352-61FC84392CF8}.Release|Any CPU.Build.0 = Release|Any CPU
	EndGlobalSection
	GlobalSection(SolutionProperties) = preSolution
		HideSolutionNode = FALSE
	EndGlobalSection
	GlobalSection(ExtensibilityGlobals) = postSolution
		SolutionGuid = {10566BF0-F8B8-4964-9A3B-D0165D274B2A}
	EndGlobalSection
EndGlobal
